# THIS IS AN AUTOGENERATED FILE. DO NOT EDIT THIS FILE DIRECTLY.
# yarn lockfile v1
# bun ./bun.lockb --hash: 9977758F85B47E95-7ab2151194f7565a-A63745938E44107E-6ff4d35d97f167dc


"@oven-sh/a@packages/a":
  version "workspace:packages/a"
  resolved "workspace:packages/a"
  dependencies:
    "@oven-sh/c" "packages/c"
    "@oven-sh/example-app" "apps/example-app"
    bun-types "latest"
    zod "1"

"@oven-sh/b@packages/b":
  version "workspace:packages/b"
  resolved "workspace:packages/b"
  dependencies:
    "@oven-sh/a" "packages/a"
    bun-types "latest"
    zod "3"

"@oven-sh/c@packages/c":
  version "workspace:packages/c"
  resolved "workspace:packages/c"
  dependencies:
    bun-types "latest"
    zod "1"

"@oven-sh/example-app@apps/example-app":
  version "workspace:apps/example-app"
  resolved "workspace:apps/example-app"
  dependencies:
    "@oven-sh/c" "packages/c"
    bun-types "latest"
    zod "1"

"@oven-sh/example-app-2@apps/example-app-2":
  version "workspace:apps/example-app-2"
  resolved "workspace:apps/example-app-2"
  dependencies:
    "@oven-sh/c" "packages/c"
    bun-types "latest"
    zod "1"

"@types/node@*", "@types/node@~20.12.8":
  version "20.12.10"
  resolved "https://registry.npmjs.org/@types/node/-/node-20.12.10.tgz"
  integrity sha512-Eem5pH9pmWBHoGAT8Dr5fdc5rYA+4NAovdM4EktRPVAAiJhmWWfQrA0cFhAbOsQdSfIHjAud6YdkbL69+zSKjw==
  dependencies:
    undici-types "~5.26.4"

"@types/ws@~8.5.10":
  version "8.5.10"
  resolved "https://registry.npmjs.org/@types/ws/-/ws-8.5.10.tgz"
  integrity sha512-vmQSUcfalpIq0R9q7uTo2lXs6eGIpt9wtnLdMv9LVpIjCA/+ufZRozlVoVelIYixx1ugCBKDhn89vnsEGOCx9A==
  dependencies:
    "@types/node" "*"

bun-types@latest:
  version "1.1.7"
  resolved "https://registry.npmjs.org/bun-types/-/bun-types-1.1.7.tgz"
  integrity sha512-9L1w3dxXrJ5dg9ERd8cc8IJTHZ+0WpSDB9kIo6tVl1s3msNsotsTeh02Wwy8cvd3a4XWEz9+TrJsqhT0dJ6XCQ==
  dependencies:
    "@types/node" "~20.12.8"
    "@types/ws" "~8.5.10"

undici-types@~5.26.4:
  version "5.26.5"
  resolved "https://registry.npmjs.org/undici-types/-/undici-types-5.26.5.tgz"
  integrity sha512-JlCMO+ehdEIKqlFxk6IfVoAUVmgz7cU7zD/h9XZ0qzeosSHmUJVOzSQvvYSYWXkFXC+IfLKSIffhv0sVZup6pA==

zod@1:
  version "1.11.17"
  resolved "https://registry.npmjs.org/zod/-/zod-1.11.17.tgz"
  integrity sha512-UzIwO92D0dSFwIRyyqAfRXICITLjF0IP8tRbEK/un7adirMssWZx8xF/1hZNE7t61knWZ+lhEuUvxlu2MO8qqA==

zod@3:
  version "3.23.6"
  resolved "https://registry.npmjs.org/zod/-/zod-3.23.6.tgz"
  integrity sha512-RTHJlZhsRbuA8Hmp/iNL7jnfc4nZishjsanDAfEY1QpDQZCahUp3xDzl+zfweE9BklxMUcgBgS1b7Lvie/ZVwA==
